<?xml version="1.0" encoding="utf-8"?>
<Project ToolsVersion="4.0" xmlns="http://schemas.microsoft.com/developer/msbuild/2003">
  <ItemGroup>
    <Filter Include="include">
      <UniqueIdentifier>{3d9345e5-2229-4cfb-8d7e-a40fcb726445}</UniqueIdentifier>
    </Filter>
    <Filter Include="src">
      <UniqueIdentifier>{0727f043-3503-48f0-9ee5-36537d2b1274}</UniqueIdentifier>
    </Filter>
  </ItemGroup>
  <ItemGroup>
    <ClInclude Include="..\..\3rdTools\bson\include\bson.h">
      <Filter>include</Filter>
    </ClInclude>
  </ItemGroup>
</Project>