<?xml version="1.0" encoding="utf-8"?>
<Project ToolsVersion="4.0" xmlns="http://schemas.microsoft.com/developer/msbuild/2003">
  <ItemGroup>
    <Filter Include="include">
      <UniqueIdentifier>{bd4e5b13-6e44-4e50-8a8c-bd62c064e182}</UniqueIdentifier>
    </Filter>
    <Filter Include="src">
      <UniqueIdentifier>{fc77525c-fb94-4193-9210-8cbbd985d463}</UniqueIdentifier>
    </Filter>
  </ItemGroup>
  <ItemGroup>
    <ClInclude Include="..\..\3rdTools\libgif\include\gif_hash.h">
      <Filter>include</Filter>
    </ClInclude>
    <ClInclude Include="..\..\3rdTools\libgif\include\gif_lib.h">
      <Filter>include</Filter>
    </ClInclude>
    <ClInclude Include="..\..\3rdTools\libgif\include\gif_lib_private.h">
      <Filter>include</Filter>
    </ClInclude>
  </ItemGroup>
  <ItemGroup>
    <ClCompile Include="..\..\3rdTools\libgif\src\dgif_lib.c">
      <Filter>src</Filter>
    </ClCompile>
    <ClCompile Include="..\..\3rdTools\libgif\src\egif_lib.c">
      <Filter>src</Filter>
    </ClCompile>
    <ClCompile Include="..\..\3rdTools\libgif\src\gif_err.c">
      <Filter>src</Filter>
    </ClCompile>
    <ClCompile Include="..\..\3rdTools\libgif\src\gif_font.c">
      <Filter>src</Filter>
    </ClCompile>
    <ClCompile Include="..\..\3rdTools\libgif\src\gif_hash.c">
      <Filter>src</Filter>
    </ClCompile>
    <ClCompile Include="..\..\3rdTools\libgif\src\gifalloc.c">
      <Filter>src</Filter>
    </ClCompile>
    <ClCompile Include="..\..\3rdTools\libgif\src\quantize.c">
      <Filter>src</Filter>
    </ClCompile>
  </ItemGroup>
</Project>