<?xml version="1.0" encoding="utf-8"?>
<Project ToolsVersion="4.0" xmlns="http://schemas.microsoft.com/developer/msbuild/2003">
  <ItemGroup>
    <ClCompile Include="..\..\3rdTools\libjpeg\ansi2knr.c" />
    <ClCompile Include="..\..\3rdTools\libjpeg\cdjpeg.c" />
    <ClCompile Include="..\..\3rdTools\libjpeg\ckconfig.c" />
    <ClCompile Include="..\..\3rdTools\libjpeg\jcapimin.c" />
    <ClCompile Include="..\..\3rdTools\libjpeg\jcapistd.c" />
    <ClCompile Include="..\..\3rdTools\libjpeg\jcarith.c" />
    <ClCompile Include="..\..\3rdTools\libjpeg\jccoefct.c" />
    <ClCompile Include="..\..\3rdTools\libjpeg\jccolor.c" />
    <ClCompile Include="..\..\3rdTools\libjpeg\jcdctmgr.c" />
    <ClCompile Include="..\..\3rdTools\libjpeg\jchuff.c" />
    <ClCompile Include="..\..\3rdTools\libjpeg\jcinit.c" />
    <ClCompile Include="..\..\3rdTools\libjpeg\jcmainct.c" />
    <ClCompile Include="..\..\3rdTools\libjpeg\jcmarker.c" />
    <ClCompile Include="..\..\3rdTools\libjpeg\jcmaster.c" />
    <ClCompile Include="..\..\3rdTools\libjpeg\jcomapi.c" />
    <ClCompile Include="..\..\3rdTools\libjpeg\jcparam.c" />
    <ClCompile Include="..\..\3rdTools\libjpeg\jcprepct.c" />
    <ClCompile Include="..\..\3rdTools\libjpeg\jcsample.c" />
    <ClCompile Include="..\..\3rdTools\libjpeg\jctrans.c" />
    <ClCompile Include="..\..\3rdTools\libjpeg\jdapimin.c" />
    <ClCompile Include="..\..\3rdTools\libjpeg\jdapistd.c" />
    <ClCompile Include="..\..\3rdTools\libjpeg\jdarith.c" />
    <ClCompile Include="..\..\3rdTools\libjpeg\jdatadst.c" />
    <ClCompile Include="..\..\3rdTools\libjpeg\jdatasrc.c" />
    <ClCompile Include="..\..\3rdTools\libjpeg\jdcoefct.c" />
    <ClCompile Include="..\..\3rdTools\libjpeg\jdcolor.c" />
    <ClCompile Include="..\..\3rdTools\libjpeg\jddctmgr.c" />
    <ClCompile Include="..\..\3rdTools\libjpeg\jdhuff.c" />
    <ClCompile Include="..\..\3rdTools\libjpeg\jdinput.c" />
    <ClCompile Include="..\..\3rdTools\libjpeg\jdmainct.c" />
    <ClCompile Include="..\..\3rdTools\libjpeg\jdmarker.c" />
    <ClCompile Include="..\..\3rdTools\libjpeg\jdmaster.c" />
    <ClCompile Include="..\..\3rdTools\libjpeg\jdmerge.c" />
    <ClCompile Include="..\..\3rdTools\libjpeg\jdpostct.c" />
    <ClCompile Include="..\..\3rdTools\libjpeg\jdsample.c" />
    <ClCompile Include="..\..\3rdTools\libjpeg\jdtrans.c" />
    <ClCompile Include="..\..\3rdTools\libjpeg\jerror.c" />
    <ClCompile Include="..\..\3rdTools\libjpeg\jfdctflt.c" />
    <ClCompile Include="..\..\3rdTools\libjpeg\jfdctfst.c" />
    <ClCompile Include="..\..\3rdTools\libjpeg\jfdctint.c" />
    <ClCompile Include="..\..\3rdTools\libjpeg\jidctflt.c" />
    <ClCompile Include="..\..\3rdTools\libjpeg\jidctfst.c" />
    <ClCompile Include="..\..\3rdTools\libjpeg\jidctint.c" />
    <ClCompile Include="..\..\3rdTools\libjpeg\jmemnobs.c" />
    <ClCompile Include="..\..\3rdTools\libjpeg\jquant1.c" />
    <ClCompile Include="..\..\3rdTools\libjpeg\jquant2.c" />
    <ClCompile Include="..\..\3rdTools\libjpeg\jutils.c" />
    <ClCompile Include="..\..\3rdTools\libjpeg\rdbmp.c" />
    <ClCompile Include="..\..\3rdTools\libjpeg\rdcolmap.c" />
    <ClCompile Include="..\..\3rdTools\libjpeg\rdgif.c" />
    <ClCompile Include="..\..\3rdTools\libjpeg\rdppm.c" />
    <ClCompile Include="..\..\3rdTools\libjpeg\rdrle.c" />
    <ClCompile Include="..\..\3rdTools\libjpeg\rdswitch.c" />
    <ClCompile Include="..\..\3rdTools\libjpeg\rdtarga.c" />
    <ClCompile Include="..\..\3rdTools\libjpeg\transupp.c" />
    <ClCompile Include="..\..\3rdTools\libjpeg\wrbmp.c" />
    <ClCompile Include="..\..\3rdTools\libjpeg\wrgif.c" />
    <ClCompile Include="..\..\3rdTools\libjpeg\wrppm.c" />
    <ClCompile Include="..\..\3rdTools\libjpeg\wrrle.c" />
    <ClCompile Include="..\..\3rdTools\libjpeg\wrtarga.c" />
    <ClCompile Include="..\..\3rdTools\libjpeg\jmemmgr.c" />
    <ClCompile Include="..\..\3rdTools\libjpeg\jaricom.c" />
  </ItemGroup>
  <ItemGroup>
    <ClInclude Include="..\..\3rdTools\libjpeg\cderror.h" />
    <ClInclude Include="..\..\3rdTools\libjpeg\cdjpeg.h" />
    <ClInclude Include="..\..\3rdTools\libjpeg\jdct.h" />
    <ClInclude Include="..\..\3rdTools\libjpeg\jerror.h" />
    <ClInclude Include="..\..\3rdTools\libjpeg\jinclude.h" />
    <ClInclude Include="..\..\3rdTools\libjpeg\jmemsys.h" />
    <ClInclude Include="..\..\3rdTools\libjpeg\jmorecfg.h" />
    <ClInclude Include="..\..\3rdTools\libjpeg\jpegint.h" />
    <ClInclude Include="..\..\3rdTools\libjpeg\jpeglib.h" />
    <ClInclude Include="..\..\3rdTools\libjpeg\jversion.h" />
    <ClInclude Include="..\..\3rdTools\libjpeg\transupp.h" />
  </ItemGroup>
</Project>