<?xml version="1.0" encoding="utf-8"?>
<Project ToolsVersion="4.0" xmlns="http://schemas.microsoft.com/developer/msbuild/2003">
  <ItemGroup>
    <Filter Include="include">
      <UniqueIdentifier>{065dfddd-0628-496a-8fd0-d166b86fb164}</UniqueIdentifier>
    </Filter>
    <Filter Include="src">
      <UniqueIdentifier>{95e49e91-7897-4232-81e5-cc606d8addb6}</UniqueIdentifier>
    </Filter>
  </ItemGroup>
  <ItemGroup>
    <ClInclude Include="..\..\3rdTools\pcre2\include\pcre2.h">
      <Filter>include</Filter>
    </ClInclude>
    <ClInclude Include="..\..\3rdTools\pcre2\src\pcre2_internal.h">
      <Filter>src</Filter>
    </ClInclude>
    <ClInclude Include="..\..\3rdTools\pcre2\src\pcre2_intmodedep.h">
      <Filter>src</Filter>
    </ClInclude>
    <ClInclude Include="..\..\3rdTools\pcre2\src\pcre2_ucp.h">
      <Filter>src</Filter>
    </ClInclude>
  </ItemGroup>
  <ItemGroup>
    <ClCompile Include="..\..\3rdTools\pcre2\src\pcre2_auto_possess.c">
      <Filter>src</Filter>
    </ClCompile>
    <ClCompile Include="..\..\3rdTools\pcre2\src\pcre2_chartables.c">
      <Filter>src</Filter>
    </ClCompile>
    <ClCompile Include="..\..\3rdTools\pcre2\src\pcre2_compile.c">
      <Filter>src</Filter>
    </ClCompile>
    <ClCompile Include="..\..\3rdTools\pcre2\src\pcre2_config.c">
      <Filter>src</Filter>
    </ClCompile>
    <ClCompile Include="..\..\3rdTools\pcre2\src\pcre2_context.c">
      <Filter>src</Filter>
    </ClCompile>
    <ClCompile Include="..\..\3rdTools\pcre2\src\pcre2_dfa_match.c">
      <Filter>src</Filter>
    </ClCompile>
    <ClCompile Include="..\..\3rdTools\pcre2\src\pcre2_error.c">
      <Filter>src</Filter>
    </ClCompile>
    <ClCompile Include="..\..\3rdTools\pcre2\src\pcre2_find_bracket.c">
      <Filter>src</Filter>
    </ClCompile>
    <ClCompile Include="..\..\3rdTools\pcre2\src\pcre2_jit_compile.c">
      <Filter>src</Filter>
    </ClCompile>
    <ClCompile Include="..\..\3rdTools\pcre2\src\pcre2_maketables.c">
      <Filter>src</Filter>
    </ClCompile>
    <ClCompile Include="..\..\3rdTools\pcre2\src\pcre2_match.c">
      <Filter>src</Filter>
    </ClCompile>
    <ClCompile Include="..\..\3rdTools\pcre2\src\pcre2_match_data.c">
      <Filter>src</Filter>
    </ClCompile>
    <ClCompile Include="..\..\3rdTools\pcre2\src\pcre2_newline.c">
      <Filter>src</Filter>
    </ClCompile>
    <ClCompile Include="..\..\3rdTools\pcre2\src\pcre2_ord2utf.c">
      <Filter>src</Filter>
    </ClCompile>
    <ClCompile Include="..\..\3rdTools\pcre2\src\pcre2_pattern_info.c">
      <Filter>src</Filter>
    </ClCompile>
    <ClCompile Include="..\..\3rdTools\pcre2\src\pcre2_serialize.c">
      <Filter>src</Filter>
    </ClCompile>
    <ClCompile Include="..\..\3rdTools\pcre2\src\pcre2_string_utils.c">
      <Filter>src</Filter>
    </ClCompile>
    <ClCompile Include="..\..\3rdTools\pcre2\src\pcre2_study.c">
      <Filter>src</Filter>
    </ClCompile>
    <ClCompile Include="..\..\3rdTools\pcre2\src\pcre2_substitute.c">
      <Filter>src</Filter>
    </ClCompile>
    <ClCompile Include="..\..\3rdTools\pcre2\src\pcre2_substring.c">
      <Filter>src</Filter>
    </ClCompile>
    <ClCompile Include="..\..\3rdTools\pcre2\src\pcre2_tables.c">
      <Filter>src</Filter>
    </ClCompile>
    <ClCompile Include="..\..\3rdTools\pcre2\src\pcre2_ucd.c">
      <Filter>src</Filter>
    </ClCompile>
    <ClCompile Include="..\..\3rdTools\pcre2\src\pcre2_valid_utf.c">
      <Filter>src</Filter>
    </ClCompile>
    <ClCompile Include="..\..\3rdTools\pcre2\src\pcre2_xclass.c">
      <Filter>src</Filter>
    </ClCompile>
  </ItemGroup>
</Project>